
Microsoft Visual Studio Solution File, Format Version 12.00
# Visual Studio 15
VisualStudioVersion = 15.0.28307.421
MinimumVisualStudioVersion = 10.0.40219.1
Project("{FAE04EC0-301F-11D3-BF4B-00C04F79EFBC}") = "Covid19Testing", "Covid19Testing\Covid19Testing.csproj", "{7B536516-4EA4-412A-B9CC-6C8930BBB53A}"
EndProject
Global
	GlobalSection(SolutionConfigurationPlatforms) = preSolution
		Debug|Any CPU = Debug|Any CPU
		Release|Any CPU = Release|Any CPU
	EndGlobalSection
	GlobalSection(ProjectConfigurationPlatforms) = postSolution
		{7B536516-4EA4-412A-B9CC-6C8930BBB53A}.Debug|Any CPU.ActiveCfg = Debug|Any CPU
		{7B536516-4EA4-412A-B9CC-6C8930BBB53A}.Debug|Any CPU.Build.0 = Debug|Any CPU
		{7B536516-4EA4-412A-B9CC-6C8930BBB53A}.Release|Any CPU.ActiveCfg = Release|Any CPU
		{7B536516-4EA4-412A-B9CC-6C8930BBB53A}.Release|Any CPU.Build.0 = Release|Any CPU
	EndGlobalSection
	GlobalSection(SolutionProperties) = preSolution
		HideSolutionNode = FALSE
	EndGlobalSection
	GlobalSection(ExtensibilityGlobals) = postSolution
		SolutionGuid = {D115E2AB-6AC2-4A35-AFD8-EB03797C6C94}
	EndGlobalSection
EndGlobal
